
Microsoft Visual Studio Solution File, Format Version 12.00
# Visual Studio Version 16
VisualStudioVersion = 16.0.31019.35
MinimumVisualStudioVersion = 10.0.40219.1
Project("{9A19103F-16F7-4668-BE54-9A1E7A4F7556}") = "MoodAnalyser", "MoodAnalyser\MoodAnalyser.csproj", "{93D4DA5A-F86F-4890-A71E-864BE4D4F268}"
EndProject
Project("{FAE04EC0-301F-11D3-BF4B-00C04F79EFBC}") = "MoodAnalyserMSTest", "MoodAnalyserMSTest\MoodAnalyserMSTest.csproj", "{83031215-AB64-482D-844E-6905CAFCA617}"
EndProject
Global
	GlobalSection(SolutionConfigurationPlatforms) = preSolution
		Debug|Any CPU = Debug|Any CPU
		Release|Any CPU = Release|Any CPU
	EndGlobalSection
	GlobalSection(ProjectConfigurationPlatforms) = postSolution
		{93D4DA5A-F86F-4890-A71E-864BE4D4F268}.Debug|Any CPU.ActiveCfg = Debug|Any CPU
		{93D4DA5A-F86F-4890-A71E-864BE4D4F268}.Debug|Any CPU.Build.0 = Debug|Any CPU
		{93D4DA5A-F86F-4890-A71E-864BE4D4F268}.Release|Any CPU.ActiveCfg = Release|Any CPU
		{93D4DA5A-F86F-4890-A71E-864BE4D4F268}.Release|Any CPU.Build.0 = Release|Any CPU
		{83031215-AB64-482D-844E-6905CAFCA617}.Debug|Any CPU.ActiveCfg = Debug|Any CPU
		{83031215-AB64-482D-844E-6905CAFCA617}.Debug|Any CPU.Build.0 = Debug|Any CPU
		{83031215-AB64-482D-844E-6905CAFCA617}.Release|Any CPU.ActiveCfg = Release|Any CPU
		{83031215-AB64-482D-844E-6905CAFCA617}.Release|Any CPU.Build.0 = Release|Any CPU
	EndGlobalSection
	GlobalSection(SolutionProperties) = preSolution
		HideSolutionNode = FALSE
	EndGlobalSection
	GlobalSection(ExtensibilityGlobals) = postSolution
		SolutionGuid = {75279EDF-7C97-450B-81F7-30AD89A759FD}
	EndGlobalSection
EndGlobal
